
Microsoft Visual Studio Solution File, Format Version 12.00
# Visual Studio 14
VisualStudioVersion = 14.0.25123.0
MinimumVisualStudioVersion = 10.0.40219.1
Project("{B47F43A2-8BD9-43BC-A291-F4F72040B28E}") = "Sitecore.Support.163850", "Sitecore.Support.163850\Sitecore.Support.163850.csproj", "{6B218B13-2B8C-43AE-88AD-1129CA44042C}"
EndProject
Global
	GlobalSection(SolutionConfigurationPlatforms) = preSolution
		Debug|Any CPU = Debug|Any CPU
		Release|Any CPU = Release|Any CPU
	EndGlobalSection
	GlobalSection(ProjectConfigurationPlatforms) = postSolution
		{6B218B13-2B8C-43AE-88AD-1129CA44042C}.Debug|Any CPU.ActiveCfg = Debug|Any CPU
		{6B218B13-2B8C-43AE-88AD-1129CA44042C}.Debug|Any CPU.Build.0 = Debug|Any CPU
		{6B218B13-2B8C-43AE-88AD-1129CA44042C}.Release|Any CPU.ActiveCfg = Release|Any CPU
		{6B218B13-2B8C-43AE-88AD-1129CA44042C}.Release|Any CPU.Build.0 = Release|Any CPU
	EndGlobalSection
	GlobalSection(SolutionProperties) = preSolution
		HideSolutionNode = FALSE
	EndGlobalSection
EndGlobal
