
Microsoft Visual Studio Solution File, Format Version 12.00
# Visual Studio 14
VisualStudioVersion = 14.0.25123.0
MinimumVisualStudioVersion = 10.0.40219.1
Project("{54C53B82-458B-42A9-9EF0-6C1EBC483E58}") = "Sitecore.Support.163850", "Sitecore.Support.163850\Sitecore.Support.163850.csproj", "{7E83FDDE-9620-42A3-9C4C-C86EA0EB0E41}"
EndProject
Global
	GlobalSection(SolutionConfigurationPlatforms) = preSolution
		Debug|Any CPU = Debug|Any CPU
		Release|Any CPU = Release|Any CPU
	EndGlobalSection
	GlobalSection(ProjectConfigurationPlatforms) = postSolution
		{7E83FDDE-9620-42A3-9C4C-C86EA0EB0E41}.Debug|Any CPU.ActiveCfg = Debug|Any CPU
		{7E83FDDE-9620-42A3-9C4C-C86EA0EB0E41}.Debug|Any CPU.Build.0 = Debug|Any CPU
		{7E83FDDE-9620-42A3-9C4C-C86EA0EB0E41}.Release|Any CPU.ActiveCfg = Release|Any CPU
		{7E83FDDE-9620-42A3-9C4C-C86EA0EB0E41}.Release|Any CPU.Build.0 = Release|Any CPU
	EndGlobalSection
	GlobalSection(SolutionProperties) = preSolution
		HideSolutionNode = FALSE
	EndGlobalSection
EndGlobal
